
Microsoft Visual Studio Solution File, Format Version 12.00
# Visual Studio Version 17
VisualStudioVersion = 17.13.35825.156 d17.13
MinimumVisualStudioVersion = 10.0.40219.1
Project("{FAE04EC0-301F-11D3-BF4B-00C04F79EFBC}") = "Alprog2", "Alprog2\Alprog2.csproj", "{A319C2D3-E29E-452C-8294-674C33202D9F}"
EndProject
Global
	GlobalSection(SolutionConfigurationPlatforms) = preSolution
		Debug|Any CPU = Debug|Any CPU
		Release|Any CPU = Release|Any CPU
	EndGlobalSection
	GlobalSection(ProjectConfigurationPlatforms) = postSolution
		{A319C2D3-E29E-452C-8294-674C33202D9F}.Debug|Any CPU.ActiveCfg = Debug|Any CPU
		{A319C2D3-E29E-452C-8294-674C33202D9F}.Debug|Any CPU.Build.0 = Debug|Any CPU
		{A319C2D3-E29E-452C-8294-674C33202D9F}.Release|Any CPU.ActiveCfg = Release|Any CPU
		{A319C2D3-E29E-452C-8294-674C33202D9F}.Release|Any CPU.Build.0 = Release|Any CPU
	EndGlobalSection
	GlobalSection(SolutionProperties) = preSolution
		HideSolutionNode = FALSE
	EndGlobalSection
	GlobalSection(ExtensibilityGlobals) = postSolution
		SolutionGuid = {A652F4E9-1610-4D15-87D1-4CF2C8B11A56}
	EndGlobalSection
EndGlobal
